{
  "name": "retro-gadets-typedefs",
  "version": "1.0.0",
  "lockfileVersion": 2,
  "requires": true,
  "packages": {
    "": {
      "name": "retro-gadets-typedefs",
      "version": "1.0.0",
      "license": "MIT",
      "devDependencies": {
        "retro-gadgets-typedefs": "^1.0.0",
        "typescript-to-lua": "^1.11.1"
      }
    },
    "../retro-gadgets-ts-typedefs": {
      "name": "retro-gadgets-lua-types",
      "version": "1.0.0",
      "dev": true,
      "license": "MIT",
      "devDependencies": {
        "@typescript-to-lua/language-extensions": "^1.0.0",
        "prettier": "^2.8.0"
      },
      "peerDependencies": {
        "@typescript-to-lua/language-extensions": "^1.0.0",
        "lua-types": "^2.13.1"
      }
    },
    "../retro-gadgets-ts-typedefs/node_modules/@typescript-to-lua/language-extensions": {
      "version": "1.0.0",
      "dev": true,
      "license": "MIT"
    },
    "../retro-gadgets-ts-typedefs/node_modules/lua-types": {
      "version": "2.13.1",
      "dev": true,
      "license": "MIT",
      "peer": true
    },
    "../retro-gadgets-ts-typedefs/node_modules/prettier": {
      "version": "2.8.0",
      "dev": true,
      "license": "MIT",
      "bin": {
        "prettier": "bin-prettier.js"
      },
      "engines": {
        "node": ">=10.13.0"
      },
      "funding": {
        "url": "https://github.com/prettier/prettier?sponsor=1"
      }
    },
    "node_modules/@typescript-to-lua/language-extensions": {
      "version": "1.0.0",
      "dev": true,
      "license": "MIT"
    },
    "node_modules/enhanced-resolve": {
      "version": "5.12.0",
      "dev": true,
      "license": "MIT",
      "dependencies": {
        "graceful-fs": "^4.2.4",
        "tapable": "^2.2.0"
      },
      "engines": {
        "node": ">=10.13.0"
      }
    },
    "node_modules/function-bind": {
      "version": "1.1.1",
      "dev": true,
      "license": "MIT"
    },
    "node_modules/graceful-fs": {
      "version": "4.2.10",
      "dev": true,
      "license": "ISC"
    },
    "node_modules/has": {
      "version": "1.0.3",
      "dev": true,
      "license": "MIT",
      "dependencies": {
        "function-bind": "^1.1.1"
      },
      "engines": {
        "node": ">= 0.4.0"
      }
    },
    "node_modules/is-core-module": {
      "version": "2.11.0",
      "dev": true,
      "license": "MIT",
      "dependencies": {
        "has": "^1.0.3"
      },
      "funding": {
        "url": "https://github.com/sponsors/ljharb"
      }
    },
    "node_modules/path-parse": {
      "version": "1.0.7",
      "dev": true,
      "license": "MIT"
    },
    "node_modules/resolve": {
      "version": "1.22.1",
      "dev": true,
      "license": "MIT",
      "dependencies": {
        "is-core-module": "^2.9.0",
        "path-parse": "^1.0.7",
        "supports-preserve-symlinks-flag": "^1.0.0"
      },
      "bin": {
        "resolve": "bin/resolve"
      },
      "funding": {
        "url": "https://github.com/sponsors/ljharb"
      }
    },
    "node_modules/retro-gadgets-typedefs": {
      "resolved": "../retro-gadgets-ts-typedefs",
      "link": true
    },
    "node_modules/source-map": {
      "version": "0.7.4",
      "dev": true,
      "license": "BSD-3-Clause",
      "engines": {
        "node": ">= 8"
      }
    },
    "node_modules/supports-preserve-symlinks-flag": {
      "version": "1.0.0",
      "dev": true,
      "license": "MIT",
      "engines": {
        "node": ">= 0.4"
      },
      "funding": {
        "url": "https://github.com/sponsors/ljharb"
      }
    },
    "node_modules/tapable": {
      "version": "2.2.1",
      "dev": true,
      "license": "MIT",
      "engines": {
        "node": ">=6"
      }
    },
    "node_modules/typescript": {
      "version": "4.9.3",
      "dev": true,
      "license": "Apache-2.0",
      "peer": true,
      "bin": {
        "tsc": "bin/tsc",
        "tsserver": "bin/tsserver"
      },
      "engines": {
        "node": ">=4.2.0"
      }
    },
    "node_modules/typescript-to-lua": {
      "version": "1.11.1",
      "dev": true,
      "license": "MIT",
      "dependencies": {
        "@typescript-to-lua/language-extensions": "1.0.0",
        "enhanced-resolve": "^5.8.2",
        "resolve": "^1.15.1",
        "source-map": "^0.7.3"
      },
      "bin": {
        "tstl": "dist/tstl.js"
      },
      "engines": {
        "node": ">=16.10.0"
      },
      "peerDependencies": {
        "typescript": "~4.9.3"
      }
    }
  },
  "dependencies": {
    "@typescript-to-lua/language-extensions": {
      "version": "1.0.0",
      "dev": true
    },
    "enhanced-resolve": {
      "version": "5.12.0",
      "dev": true,
      "requires": {
        "graceful-fs": "^4.2.4",
        "tapable": "^2.2.0"
      }
    },
    "function-bind": {
      "version": "1.1.1",
      "dev": true
    },
    "graceful-fs": {
      "version": "4.2.10",
      "dev": true
    },
    "has": {
      "version": "1.0.3",
      "dev": true,
      "requires": {
        "function-bind": "^1.1.1"
      }
    },
    "is-core-module": {
      "version": "2.11.0",
      "dev": true,
      "requires": {
        "has": "^1.0.3"
      }
    },
    "path-parse": {
      "version": "1.0.7",
      "dev": true
    },
    "resolve": {
      "version": "1.22.1",
      "dev": true,
      "requires": {
        "is-core-module": "^2.9.0",
        "path-parse": "^1.0.7",
        "supports-preserve-symlinks-flag": "^1.0.0"
      }
    },
    "retro-gadgets-typedefs": {
      "version": "file:../retro-gadgets-ts-typedefs",
      "requires": {
        "@typescript-to-lua/language-extensions": "^1.0.0",
        "prettier": "^2.8.0"
      },
      "dependencies": {
        "@typescript-to-lua/language-extensions": {
          "version": "1.0.0",
          "dev": true
        },
        "lua-types": {
          "version": "2.13.1",
          "dev": true,
          "peer": true
        },
        "prettier": {
          "version": "2.8.0",
          "dev": true
        }
      }
    },
    "source-map": {
      "version": "0.7.4",
      "dev": true
    },
    "supports-preserve-symlinks-flag": {
      "version": "1.0.0",
      "dev": true
    },
    "tapable": {
      "version": "2.2.1",
      "dev": true
    },
    "typescript": {
      "version": "4.9.3",
      "dev": true,
      "peer": true
    },
    "typescript-to-lua": {
      "version": "1.11.1",
      "dev": true,
      "requires": {
        "@typescript-to-lua/language-extensions": "1.0.0",
        "enhanced-resolve": "^5.8.2",
        "resolve": "^1.15.1",
        "source-map": "^0.7.3"
      }
    }
  }
}
